// !$*UTF8*$!
{
	archiveVersion = 1;
	classes = {
	};
	objectVersion = 46;
	objects = {

/* Begin PBXBuildFile section */
		2042BB351C5082540098675E /* Song.m in Sources */ = {isa = PBXBuildFile; fileRef = 2042BB341C5082540098675E /* Song.m */; };
		3F36F9D21C50628100FB3792 /* PlaylistGenerator.m in Sources */ = {isa = PBXBuildFile; fileRef = 3F36F9D11C50628100FB3792 /* PlaylistGenerator.m */; };
		3F7911041C481BDE0062E65A /* main.m in Sources */ = {isa = PBXBuildFile; fileRef = 3F7911031C481BDE0062E65A /* main.m */; };
		3F7911071C481BDE0062E65A /* AppDelegate.m in Sources */ = {isa = PBXBuildFile; fileRef = 3F7911061C481BDE0062E65A /* AppDelegate.m */; };
		3F79111E1C481BDF0062E65A /* PlaylistProjectTests.m in Sources */ = {isa = PBXBuildFile; fileRef = 3F79111D1C481BDF0062E65A /* PlaylistProjectTests.m */; };
		3FFD1AB71C49875D003DB207 /* ViewController.m in Sources */ = {isa = PBXBuildFile; fileRef = 3FFD1AB51C49875D003DB207 /* ViewController.m */; };
		3FFD1AB81C49875D003DB207 /* ViewController.xib in Resources */ = {isa = PBXBuildFile; fileRef = 3FFD1AB61C49875D003DB207 /* ViewController.xib */; };
		3FFD1ABA1C498866003DB207 /* AFNetworking in Resources */ = {isa = PBXBuildFile; fileRef = 3FFD1AB91C498866003DB207 /* AFNetworking */; };
/* End PBXBuildFile section */

/* Begin PBXContainerItemProxy section */
		3F7911181C481BDF0062E65A /* PBXContainerItemProxy */ = {
			isa = PBXContainerItemProxy;
			containerPortal = 3F7910F61C481BDE0062E65A /* Project object */;
			proxyType = 1;
			remoteGlobalIDString = 3F7910FD1C481BDE0062E65A;
			remoteInfo = PlaylistProject;
		};
/* End PBXContainerItemProxy section */

/* Begin PBXFileReference section */
		2042BB331C5082540098675E /* Song.h */ = {isa = PBXFileReference; fileEncoding = 4; lastKnownFileType = sourcecode.c.h; path = Song.h; sourceTree = "<group>"; };
		2042BB341C5082540098675E /* Song.m */ = {isa = PBXFileReference; fileEncoding = 4; lastKnownFileType = sourcecode.c.objc; path = Song.m; sourceTree = "<group>"; };
		206A675E1C5446FC00E3D0CE /* Constants.h */ = {isa = PBXFileReference; lastKnownFileType = sourcecode.c.h; path = Constants.h; sourceTree = "<group>"; };
		3F36F9D01C50628100FB3792 /* PlaylistGenerator.h */ = {isa = PBXFileReference; fileEncoding = 4; lastKnownFileType = sourcecode.c.h; path = PlaylistGenerator.h; sourceTree = "<group>"; };
		3F36F9D11C50628100FB3792 /* PlaylistGenerator.m */ = {isa = PBXFileReference; fileEncoding = 4; lastKnownFileType = sourcecode.c.objc; path = PlaylistGenerator.m; sourceTree = "<group>"; };
		3F7910FE1C481BDE0062E65A /* PlaylistProject.app */ = {isa = PBXFileReference; explicitFileType = wrapper.application; includeInIndex = 0; path = PlaylistProject.app; sourceTree = BUILT_PRODUCTS_DIR; };
		3F7911021C481BDE0062E65A /* Info.plist */ = {isa = PBXFileReference; lastKnownFileType = text.plist.xml; path = Info.plist; sourceTree = "<group>"; };
		3F7911031C481BDE0062E65A /* main.m */ = {isa = PBXFileReference; lastKnownFileType = sourcecode.c.objc; path = main.m; sourceTree = "<group>"; };
		3F7911051C481BDE0062E65A /* AppDelegate.h */ = {isa = PBXFileReference; lastKnownFileType = sourcecode.c.h; path = AppDelegate.h; sourceTree = "<group>"; };
		3F7911061C481BDE0062E65A /* AppDelegate.m */ = {isa = PBXFileReference; lastKnownFileType = sourcecode.c.objc; path = AppDelegate.m; sourceTree = "<group>"; };
		3F7911171C481BDF0062E65A /* PlaylistProjectTests.xctest */ = {isa = PBXFileReference; explicitFileType = wrapper.cfbundle; includeInIndex = 0; path = PlaylistProjectTests.xctest; sourceTree = BUILT_PRODUCTS_DIR; };
		3F79111C1C481BDF0062E65A /* Info.plist */ = {isa = PBXFileReference; lastKnownFileType = text.plist.xml; path = Info.plist; sourceTree = "<group>"; };
		3F79111D1C481BDF0062E65A /* PlaylistProjectTests.m */ = {isa = PBXFileReference; lastKnownFileType = sourcecode.c.objc; path = PlaylistProjectTests.m; sourceTree = "<group>"; };
		3FFD1AB41C49875D003DB207 /* ViewController.h */ = {isa = PBXFileReference; fileEncoding = 4; lastKnownFileType = sourcecode.c.h; path = ViewController.h; sourceTree = "<group>"; };
		3FFD1AB51C49875D003DB207 /* ViewController.m */ = {isa = PBXFileReference; fileEncoding = 4; lastKnownFileType = sourcecode.c.objc; path = ViewController.m; sourceTree = "<group>"; };
		3FFD1AB61C49875D003DB207 /* ViewController.xib */ = {isa = PBXFileReference; fileEncoding = 4; lastKnownFileType = file.xib; path = ViewController.xib; sourceTree = "<group>"; };
		3FFD1AB91C498866003DB207 /* AFNetworking */ = {isa = PBXFileReference; lastKnownFileType = folder; path = AFNetworking; sourceTree = "<group>"; };
/* End PBXFileReference section */

/* Begin PBXFrameworksBuildPhase section */
		3F7910FB1C481BDE0062E65A /* Frameworks */ = {
			isa = PBXFrameworksBuildPhase;
			buildActionMask = 2147483647;
			files = (
			);
			runOnlyForDeploymentPostprocessing = 0;
		};
		3F7911141C481BDF0062E65A /* Frameworks */ = {
			isa = PBXFrameworksBuildPhase;
			buildActionMask = 2147483647;
			files = (
			);
			runOnlyForDeploymentPostprocessing = 0;
		};
/* End PBXFrameworksBuildPhase section */

/* Begin PBXGroup section */
		3F7910F51C481BDE0062E65A = {
			isa = PBXGroup;
			children = (
				3F7911001C481BDE0062E65A /* PlaylistProject */,
				3F79111A1C481BDF0062E65A /* PlaylistProjectTests */,
				3F7910FF1C481BDE0062E65A /* Products */,
			);
			sourceTree = "<group>";
		};
		3F7910FF1C481BDE0062E65A /* Products */ = {
			isa = PBXGroup;
			children = (
				3F7910FE1C481BDE0062E65A /* PlaylistProject.app */,
				3F7911171C481BDF0062E65A /* PlaylistProjectTests.xctest */,
			);
			name = Products;
			sourceTree = "<group>";
		};
		3F7911001C481BDE0062E65A /* PlaylistProject */ = {
			isa = PBXGroup;
			children = (
				3FFD1AB91C498866003DB207 /* AFNetworking */,
				3F7911051C481BDE0062E65A /* AppDelegate.h */,
				3F7911061C481BDE0062E65A /* AppDelegate.m */,
				3F7911011C481BDE0062E65A /* Supporting Files */,
				3FFD1AB41C49875D003DB207 /* ViewController.h */,
				3FFD1AB51C49875D003DB207 /* ViewController.m */,
				206A675E1C5446FC00E3D0CE /* Constants.h */,
				3F36F9D01C50628100FB3792 /* PlaylistGenerator.h */,
				3F36F9D11C50628100FB3792 /* PlaylistGenerator.m */,
				3FFD1AB61C49875D003DB207 /* ViewController.xib */,
				2042BB331C5082540098675E /* Song.h */,
				2042BB341C5082540098675E /* Song.m */,
			);
			path = PlaylistProject;
			sourceTree = "<group>";
		};
		3F7911011C481BDE0062E65A /* Supporting Files */ = {
			isa = PBXGroup;
			children = (
				3F7911021C481BDE0062E65A /* Info.plist */,
				3F7911031C481BDE0062E65A /* main.m */,
			);
			name = "Supporting Files";
			sourceTree = "<group>";
		};
		3F79111A1C481BDF0062E65A /* PlaylistProjectTests */ = {
			isa = PBXGroup;
			children = (
				3F79111D1C481BDF0062E65A /* PlaylistProjectTests.m */,
				3F79111B1C481BDF0062E65A /* Supporting Files */,
			);
			path = PlaylistProjectTests;
			sourceTree = "<group>";
		};
		3F79111B1C481BDF0062E65A /* Supporting Files */ = {
			isa = PBXGroup;
			children = (
				3F79111C1C481BDF0062E65A /* Info.plist */,
			);
			name = "Supporting Files";
			sourceTree = "<group>";
		};
/* End PBXGroup section */

/* Begin PBXNativeTarget section */
		3F7910FD1C481BDE0062E65A /* PlaylistProject */ = {
			isa = PBXNativeTarget;
			buildConfigurationList = 3F7911211C481BDF0062E65A /* Build configuration list for PBXNativeTarget "PlaylistProject" */;
			buildPhases = (
				3F7910FA1C481BDE0062E65A /* Sources */,
				3F7910FB1C481BDE0062E65A /* Frameworks */,
				3F7910FC1C481BDE0062E65A /* Resources */,
			);
			buildRules = (
			);
			dependencies = (
			);
			name = PlaylistProject;
			productName = PlaylistProject;
			productReference = 3F7910FE1C481BDE0062E65A /* PlaylistProject.app */;
			productType = "com.apple.product-type.application";
		};
		3F7911161C481BDF0062E65A /* PlaylistProjectTests */ = {
			isa = PBXNativeTarget;
			buildConfigurationList = 3F7911241C481BDF0062E65A /* Build configuration list for PBXNativeTarget "PlaylistProjectTests" */;
			buildPhases = (
				3F7911131C481BDF0062E65A /* Sources */,
				3F7911141C481BDF0062E65A /* Frameworks */,
				3F7911151C481BDF0062E65A /* Resources */,
			);
			buildRules = (
			);
			dependencies = (
				3F7911191C481BDF0062E65A /* PBXTargetDependency */,
			);
			name = PlaylistProjectTests;
			productName = PlaylistProjectTests;
			productReference = 3F7911171C481BDF0062E65A /* PlaylistProjectTests.xctest */;
			productType = "com.apple.product-type.bundle.unit-test";
		};
/* End PBXNativeTarget section */

/* Begin PBXProject section */
		3F7910F61C481BDE0062E65A /* Project object */ = {
			isa = PBXProject;
			attributes = {
				LastUpgradeCheck = 0640;
				ORGANIZATIONNAME = "Roshan Krishnan";
				TargetAttributes = {
					3F7910FD1C481BDE0062E65A = {
						CreatedOnToolsVersion = 6.4;
					};
					3F7911161C481BDF0062E65A = {
						CreatedOnToolsVersion = 6.4;
						TestTargetID = 3F7910FD1C481BDE0062E65A;
					};
				};
			};
			buildConfigurationList = 3F7910F91C481BDE0062E65A /* Build configuration list for PBXProject "PlaylistProject" */;
			compatibilityVersion = "Xcode 3.2";
			developmentRegion = English;
			hasScannedForEncodings = 0;
			knownRegions = (
				en,
				Base,
			);
			mainGroup = 3F7910F51C481BDE0062E65A;
			productRefGroup = 3F7910FF1C481BDE0062E65A /* Products */;
			projectDirPath = "";
			projectRoot = "";
			targets = (
				3F7910FD1C481BDE0062E65A /* PlaylistProject */,
				3F7911161C481BDF0062E65A /* PlaylistProjectTests */,
			);
		};
/* End PBXProject section */

/* Begin PBXResourcesBuildPhase section */
		3F7910FC1C481BDE0062E65A /* Resources */ = {
			isa = PBXResourcesBuildPhase;
			buildActionMask = 2147483647;
			files = (
				3FFD1AB81C49875D003DB207 /* ViewController.xib in Resources */,
				3FFD1ABA1C498866003DB207 /* AFNetworking in Resources */,
			);
			runOnlyForDeploymentPostprocessing = 0;
		};
		3F7911151C481BDF0062E65A /* Resources */ = {
			isa = PBXResourcesBuildPhase;
			buildActionMask = 2147483647;
			files = (
			);
			runOnlyForDeploymentPostprocessing = 0;
		};
/* End PBXResourcesBuildPhase section */

/* Begin PBXSourcesBuildPhase section */
		3F7910FA1C481BDE0062E65A /* Sources */ = {
			isa = PBXSourcesBuildPhase;
			buildActionMask = 2147483647;
			files = (
				2042BB351C5082540098675E /* Song.m in Sources */,
				3FFD1AB71C49875D003DB207 /* ViewController.m in Sources */,
				3F7911071C481BDE0062E65A /* AppDelegate.m in Sources */,
				3F7911041C481BDE0062E65A /* main.m in Sources */,
				3F36F9D21C50628100FB3792 /* PlaylistGenerator.m in Sources */,
			);
			runOnlyForDeploymentPostprocessing = 0;
		};
		3F7911131C481BDF0062E65A /* Sources */ = {
			isa = PBXSourcesBuildPhase;
			buildActionMask = 2147483647;
			files = (
				3F79111E1C481BDF0062E65A /* PlaylistProjectTests.m in Sources */,
			);
			runOnlyForDeploymentPostprocessing = 0;
		};
/* End PBXSourcesBuildPhase section */

/* Begin PBXTargetDependency section */
		3F7911191C481BDF0062E65A /* PBXTargetDependency */ = {
			isa = PBXTargetDependency;
			target = 3F7910FD1C481BDE0062E65A /* PlaylistProject */;
			targetProxy = 3F7911181C481BDF0062E65A /* PBXContainerItemProxy */;
		};
/* End PBXTargetDependency section */

/* Begin XCBuildConfiguration section */
		3F79111F1C481BDF0062E65A /* Debug */ = {
			isa = XCBuildConfiguration;
			buildSettings = {
				ALWAYS_SEARCH_USER_PATHS = NO;
				CLANG_CXX_LANGUAGE_STANDARD = "gnu++0x";
				CLANG_CXX_LIBRARY = "libc++";
				CLANG_ENABLE_MODULES = YES;
				CLANG_ENABLE_OBJC_ARC = YES;
				CLANG_WARN_BOOL_CONVERSION = YES;
				CLANG_WARN_CONSTANT_CONVERSION = YES;
				CLANG_WARN_DIRECT_OBJC_ISA_USAGE = YES_ERROR;
				CLANG_WARN_EMPTY_BODY = YES;
				CLANG_WARN_ENUM_CONVERSION = YES;
				CLANG_WARN_INT_CONVERSION = YES;
				CLANG_WARN_OBJC_ROOT_CLASS = YES_ERROR;
				CLANG_WARN_UNREACHABLE_CODE = YES;
				CLANG_WARN__DUPLICATE_METHOD_MATCH = YES;
				"CODE_SIGN_IDENTITY[sdk=iphoneos*]" = "iPhone Developer";
				COPY_PHASE_STRIP = NO;
				DEBUG_INFORMATION_FORMAT = "dwarf-with-dsym";
				ENABLE_STRICT_OBJC_MSGSEND = YES;
				GCC_C_LANGUAGE_STANDARD = gnu99;
				GCC_DYNAMIC_NO_PIC = NO;
				GCC_NO_COMMON_BLOCKS = YES;
				GCC_OPTIMIZATION_LEVEL = 0;
				GCC_PREPROCESSOR_DEFINITIONS = (
					"DEBUG=1",
					"$(inherited)",
				);
				GCC_SYMBOLS_PRIVATE_EXTERN = NO;
				GCC_WARN_64_TO_32_BIT_CONVERSION = YES;
				GCC_WARN_ABOUT_RETURN_TYPE = YES_ERROR;
				GCC_WARN_UNDECLARED_SELECTOR = YES;
				GCC_WARN_UNINITIALIZED_AUTOS = YES_AGGRESSIVE;
				GCC_WARN_UNUSED_FUNCTION = YES;
				GCC_WARN_UNUSED_VARIABLE = YES;
				IPHONEOS_DEPLOYMENT_TARGET = 8.4;
				MTL_ENABLE_DEBUG_INFO = YES;
				ONLY_ACTIVE_ARCH = YES;
				SDKROOT = iphoneos;
			};
			name = Debug;
		};
		3F7911201C481BDF0062E65A /* Release */ = {
			isa = XCBuildConfiguration;
			buildSettings = {
				ALWAYS_SEARCH_USER_PATHS = NO;
				CLANG_CXX_LANGUAGE_STANDARD = "gnu++0x";
				CLANG_CXX_LIBRARY = "libc++";
				CLANG_ENABLE_MODULES = YES;
				CLANG_ENABLE_OBJC_ARC = YES;
				CLANG_WARN_BOOL_CONVERSION = YES;
				CLANG_WARN_CONSTANT_CONVERSION = YES;
				CLANG_WARN_DIRECT_OBJC_ISA_USAGE = YES_ERROR;
				CLANG_WARN_EMPTY_BODY = YES;
				CLANG_WARN_ENUM_CONVERSION = YES;
				CLANG_WARN_INT_CONVERSION = YES;
				CLANG_WARN_OBJC_ROOT_CLASS = YES_ERROR;
				CLANG_WARN_UNREACHABLE_CODE = YES;
				CLANG_WARN__DUPLICATE_METHOD_MATCH = YES;
				"CODE_SIGN_IDENTITY[sdk=iphoneos*]" = "iPhone Developer";
				COPY_PHASE_STRIP = NO;
				DEBUG_INFORMATION_FORMAT = "dwarf-with-dsym";
				ENABLE_NS_ASSERTIONS = NO;
				ENABLE_STRICT_OBJC_MSGSEND = YES;
				GCC_C_LANGUAGE_STANDARD = gnu99;
				GCC_NO_COMMON_BLOCKS = YES;
				GCC_WARN_64_TO_32_BIT_CONVERSION = YES;
				GCC_WARN_ABOUT_RETURN_TYPE = YES_ERROR;
				GCC_WARN_UNDECLARED_SELECTOR = YES;
				GCC_WARN_UNINITIALIZED_AUTOS = YES_AGGRESSIVE;
				GCC_WARN_UNUSED_FUNCTION = YES;
				GCC_WARN_UNUSED_VARIABLE = YES;
				IPHONEOS_DEPLOYMENT_TARGET = 8.4;
				MTL_ENABLE_DEBUG_INFO = NO;
				SDKROOT = iphoneos;
				VALIDATE_PRODUCT = YES;
			};
			name = Release;
		};
		3F7911221C481BDF0062E65A /* Debug */ = {
			isa = XCBuildConfiguration;
			buildSettings = {
				ASSETCATALOG_COMPILER_APPICON_NAME = AppIcon;
				INFOPLIST_FILE = PlaylistProject/Info.plist;
				LD_RUNPATH_SEARCH_PATHS = "$(inherited) @executable_path/Frameworks";
				PRODUCT_NAME = "$(TARGET_NAME)";
			};
			name = Debug;
		};
		3F7911231C481BDF0062E65A /* Release */ = {
			isa = XCBuildConfiguration;
			buildSettings = {
				ASSETCATALOG_COMPILER_APPICON_NAME = AppIcon;
				INFOPLIST_FILE = PlaylistProject/Info.plist;
				LD_RUNPATH_SEARCH_PATHS = "$(inherited) @executable_path/Frameworks";
				PRODUCT_NAME = "$(TARGET_NAME)";
			};
			name = Release;
		};
		3F7911251C481BDF0062E65A /* Debug */ = {
			isa = XCBuildConfiguration;
			buildSettings = {
				BUNDLE_LOADER = "$(TEST_HOST)";
				FRAMEWORK_SEARCH_PATHS = (
					"$(SDKROOT)/Developer/Library/Frameworks",
					"$(inherited)",
				);
				GCC_PREPROCESSOR_DEFINITIONS = (
					"DEBUG=1",
					"$(inherited)",
				);
				INFOPLIST_FILE = PlaylistProjectTests/Info.plist;
				LD_RUNPATH_SEARCH_PATHS = "$(inherited) @executable_path/Frameworks @loader_path/Frameworks";
				PRODUCT_NAME = "$(TARGET_NAME)";
				TEST_HOST = "$(BUILT_PRODUCTS_DIR)/PlaylistProject.app/PlaylistProject";
			};
			name = Debug;
		};
		3F7911261C481BDF0062E65A /* Release */ = {
			isa = XCBuildConfiguration;
			buildSettings = {
				BUNDLE_LOADER = "$(TEST_HOST)";
				FRAMEWORK_SEARCH_PATHS = (
					"$(SDKROOT)/Developer/Library/Frameworks",
					"$(inherited)",
				);
				INFOPLIST_FILE = PlaylistProjectTests/Info.plist;
				LD_RUNPATH_SEARCH_PATHS = "$(inherited) @executable_path/Frameworks @loader_path/Frameworks";
				PRODUCT_NAME = "$(TARGET_NAME)";
				TEST_HOST = "$(BUILT_PRODUCTS_DIR)/PlaylistProject.app/PlaylistProject";
			};
			name = Release;
		};
/* End XCBuildConfiguration section */

/* Begin XCConfigurationList section */
		3F7910F91C481BDE0062E65A /* Build configuration list for PBXProject "PlaylistProject" */ = {
			isa = XCConfigurationList;
			buildConfigurations = (
				3F79111F1C481BDF0062E65A /* Debug */,
				3F7911201C481BDF0062E65A /* Release */,
			);
			defaultConfigurationIsVisible = 0;
			defaultConfigurationName = Release;
		};
		3F7911211C481BDF0062E65A /* Build configuration list for PBXNativeTarget "PlaylistProject" */ = {
			isa = XCConfigurationList;
			buildConfigurations = (
				3F7911221C481BDF0062E65A /* Debug */,
				3F7911231C481BDF0062E65A /* Release */,
			);
			defaultConfigurationIsVisible = 0;
			defaultConfigurationName = Release;
		};
		3F7911241C481BDF0062E65A /* Build configuration list for PBXNativeTarget "PlaylistProjectTests" */ = {
			isa = XCConfigurationList;
			buildConfigurations = (
				3F7911251C481BDF0062E65A /* Debug */,
				3F7911261C481BDF0062E65A /* Release */,
			);
			defaultConfigurationIsVisible = 0;
			defaultConfigurationName = Release;
		};
/* End XCConfigurationList section */
	};
	rootObject = 3F7910F61C481BDE0062E65A /* Project object */;
}
